
Microsoft Visual Studio Solution File, Format Version 12.00
# Visual Studio 15
VisualStudioVersion = 15.0.26430.16
MinimumVisualStudioVersion = 10.0.40219.1
Project("{FAE04EC0-301F-11D3-BF4B-00C04F79EFBC}") = "Uvodni", "ConsoleApp1\Uvodni.csproj", "{31F30331-D9D7-4529-9C4C-B096F2654F21}"
EndProject
Project("{FAE04EC0-301F-11D3-BF4B-00C04F79EFBC}") = "Zbroj", "Zbroj\Zbroj.csproj", "{C72F648D-610F-4C09-90AE-BB2DD90A29D2}"
EndProject
Project("{2150E333-8FDC-42A3-9474-1A3956D46DE8}") = "4.1_Uvod", "4.1_Uvod", "{1CD019B1-6628-4F9D-BE13-AA15FA2AD934}"
EndProject
Project("{FAE04EC0-301F-11D3-BF4B-00C04F79EFBC}") = "Hello", "Hello\Hello.csproj", "{D57B4D9F-C756-4E84-951D-2D56EDE879A7}"
EndProject
Project("{FAE04EC0-301F-11D3-BF4B-00C04F79EFBC}") = "IspisBrojeva", "IspisBrojeva\IspisBrojeva.csproj", "{0CA433EB-B30D-4A93-8401-EC2C8A5BE104}"
EndProject
Project("{2150E333-8FDC-42A3-9474-1A3956D46DE8}") = "5.1_varijable", "5.1_varijable", "{D4D349EF-58D4-4E04-88A2-35FFA5D2EABC}"
EndProject
Project("{FAE04EC0-301F-11D3-BF4B-00C04F79EFBC}") = "zbroj_razlika", "zbroj_razlika\zbroj_razlika.csproj", "{04799DD3-720C-4707-947F-C35FEB76F557}"
EndProject
Project("{2150E333-8FDC-42A3-9474-1A3956D46DE8}") = "5.2_Uvjetno_grananje", "5.2_Uvjetno_grananje", "{19D29F78-F7F0-4D00-8791-9EDF91AE03A6}"
EndProject
Project("{FAE04EC0-301F-11D3-BF4B-00C04F79EFBC}") = "if_primjer", "if_primjer\if_primjer.csproj", "{B115C56C-759C-4FE8-B30A-B5550F650228}"
EndProject
Project("{FAE04EC0-301F-11D3-BF4B-00C04F79EFBC}") = "primjer_5.2.1.2_pozitivan", "primjer_5.2.1.2_pozitivan\primjer_5.2.1.2_pozitivan.csproj", "{FA8A60FB-8C81-4682-8051-5777C41C9AF6}"
EndProject
Project("{FAE04EC0-301F-11D3-BF4B-00C04F79EFBC}") = "primjer_5.2.2.switch", "primjer_5.2.2.switch\primjer_5.2.2.switch.csproj", "{1C42CD6A-A00C-47DC-A9CE-D95B5EEE825F}"
EndProject
Project("{FAE04EC0-301F-11D3-BF4B-00C04F79EFBC}") = "5.2.3.exceptio_primjer", "5.2.3.exceptio_primjer\5.2.3.exceptio_primjer.csproj", "{F452E0A6-FCB3-4519-9F1B-F4E60F7081EB}"
EndProject
Project("{FAE04EC0-301F-11D3-BF4B-00C04F79EFBC}") = "5.2.3_veliki_broj", "5.2.3_veliki_broj\5.2.3_veliki_broj.csproj", "{DB50A5A4-5A5A-4C95-B3EC-38EBB17DA862}"
EndProject
Project("{FAE04EC0-301F-11D3-BF4B-00C04F79EFBC}") = "5.2.4X_znam", "5.2.4X_znam\5.2.4X_znam.csproj", "{5FEBDBA7-105B-468D-9728-FEDB5CF837C2}"
EndProject
Project("{FAE04EC0-301F-11D3-BF4B-00C04F79EFBC}") = "5.2.7_djeljiv_s_4", "5.2.7_djeljiv_s_4\5.2.7_djeljiv_s_4.csproj", "{7A8BB7AC-5964-47F2-9742-1B87911F86FA}"
EndProject
Project("{FAE04EC0-301F-11D3-BF4B-00C04F79EFBC}") = "5.2.9.cjelobrojno_djeljenje", "5.2.9.cjelobrojno_djeljenje\5.2.9.cjelobrojno_djeljenje.csproj", "{FC6AA3BC-1E2F-43B0-BFED-9A19C73EB4D5}"
EndProject
Project("{2150E333-8FDC-42A3-9474-1A3956D46DE8}") = "7.1_funkcije", "7.1_funkcije", "{3BB56407-8705-4E81-884F-ECECBB97F2CD}"
EndProject
Project("{FAE04EC0-301F-11D3-BF4B-00C04F79EFBC}") = "7.2.1", "7.2.1\7.2.1.csproj", "{97C7B9E9-5E1A-4027-A0BF-4F1199BE9A84}"
EndProject
Project("{FAE04EC0-301F-11D3-BF4B-00C04F79EFBC}") = "7.2.2", "7.2.2\7.2.2.csproj", "{281DC0FD-6D1F-48F0-B4F5-0E155F6AB4D7}"
EndProject
Project("{FAE04EC0-301F-11D3-BF4B-00C04F79EFBC}") = "7.2.3", "7.2.3\7.2.3.csproj", "{7B3C341E-EB81-46D4-A0B9-C3CF896EFD99}"
EndProject
Project("{FAE04EC0-301F-11D3-BF4B-00C04F79EFBC}") = "7.2.4", "7.2.4\7.2.4.csproj", "{CD701E6B-7EA6-4540-8364-27E3786C5E50}"
EndProject
Project("{FAE04EC0-301F-11D3-BF4B-00C04F79EFBC}") = "7.2.5", "7.2.5\7.2.5.csproj", "{5065D0B8-E134-4E1D-9FE4-3EF11DDFF4D4}"
EndProject
Project("{FAE04EC0-301F-11D3-BF4B-00C04F79EFBC}") = "7.2.6", "7.2.6\7.2.6.csproj", "{7CA9B2D0-2EA8-4F9B-A729-153B7AAE8356}"
EndProject
Project("{FAE04EC0-301F-11D3-BF4B-00C04F79EFBC}") = "7.2.7", "7.2.7\7.2.7.csproj", "{25DA1DF1-E615-41E6-8054-0B5170846546}"
EndProject
Project("{FAE04EC0-301F-11D3-BF4B-00C04F79EFBC}") = "7.2.8", "7.2.8\7.2.8.csproj", "{CA6EAFDC-0516-4580-857D-B99A6D1A0EB2}"
EndProject
Project("{FAE04EC0-301F-11D3-BF4B-00C04F79EFBC}") = "7.2.9", "7.2.9\7.2.9.csproj", "{F10A3579-E4FE-4933-AB56-08569E1D21C6}"
EndProject
Project("{FAE04EC0-301F-11D3-BF4B-00C04F79EFBC}") = "7.2.10", "7.2.10\7.2.10.csproj", "{934F30ED-1563-49D1-BFEB-83FD76FAD6B4}"
EndProject
Project("{FAE04EC0-301F-11D3-BF4B-00C04F79EFBC}") = "7.2.11", "7.2.11\7.2.11.csproj", "{713A07A8-9C7E-4000-8D4C-9CB5B3F6725B}"
EndProject
Project("{FAE04EC0-301F-11D3-BF4B-00C04F79EFBC}") = "6.2.5_zz", "6.2.5_zz\6.2.5_zz.csproj", "{17CBB201-FF7B-4090-9062-AED5168ED380}"
EndProject
Project("{2150E333-8FDC-42A3-9474-1A3956D46DE8}") = "7.1_procedure", "7.1_procedure", "{069E2324-7A62-4465-8586-1F6E6CE0A6DB}"
EndProject
Project("{FAE04EC0-301F-11D3-BF4B-00C04F79EFBC}") = "7.2.potprogrami", "7.2.potprogrami\7.2.potprogrami.csproj", "{ECCEB14D-554C-438E-9589-8DDE4A425B23}"
EndProject
Project("{2150E333-8FDC-42A3-9474-1A3956D46DE8}") = "8_objekti", "8_objekti", "{405D5855-F15B-4D75-AA7D-69F2A0051E3D}"
EndProject
Project("{FAE04EC0-301F-11D3-BF4B-00C04F79EFBC}") = "8.1.1", "8.1.1\8.1.1.csproj", "{4AFFE0F4-0B86-4EC8-9CA1-2F6A189FC898}"
EndProject
Project("{FAE04EC0-301F-11D3-BF4B-00C04F79EFBC}") = "8.1.2", "8.1.2\8.1.2.csproj", "{4BBADA98-149B-428D-A418-66F8F7531505}"
EndProject
Project("{FAE04EC0-301F-11D3-BF4B-00C04F79EFBC}") = "8.1.3", "8.1.3\8.1.3.csproj", "{6CD1D72A-B055-46DE-A666-BF2061C7B663}"
EndProject
Project("{FAE04EC0-301F-11D3-BF4B-00C04F79EFBC}") = "8.2.1", "8.2.1\8.2.1.csproj", "{1CDB9FDA-13F0-4998-8C8A-AAB041005D39}"
EndProject
Project("{FAE04EC0-301F-11D3-BF4B-00C04F79EFBC}") = "8.2.2", "8.2.3\8.2.2.csproj", "{E8A844DD-A163-45C3-BE32-60CF77C75D4A}"
EndProject
Project("{FAE04EC0-301F-11D3-BF4B-00C04F79EFBC}") = "5.3.10", "5.3.10\5.3.10.csproj", "{DC83106D-6927-4A22-94DF-B5DAA5C7DD3E}"
EndProject
Global
	GlobalSection(SolutionConfigurationPlatforms) = preSolution
		Debug|Any CPU = Debug|Any CPU
		Release|Any CPU = Release|Any CPU
	EndGlobalSection
	GlobalSection(ProjectConfigurationPlatforms) = postSolution
		{31F30331-D9D7-4529-9C4C-B096F2654F21}.Debug|Any CPU.ActiveCfg = Debug|Any CPU
		{31F30331-D9D7-4529-9C4C-B096F2654F21}.Debug|Any CPU.Build.0 = Debug|Any CPU
		{31F30331-D9D7-4529-9C4C-B096F2654F21}.Release|Any CPU.ActiveCfg = Release|Any CPU
		{31F30331-D9D7-4529-9C4C-B096F2654F21}.Release|Any CPU.Build.0 = Release|Any CPU
		{C72F648D-610F-4C09-90AE-BB2DD90A29D2}.Debug|Any CPU.ActiveCfg = Debug|Any CPU
		{C72F648D-610F-4C09-90AE-BB2DD90A29D2}.Debug|Any CPU.Build.0 = Debug|Any CPU
		{C72F648D-610F-4C09-90AE-BB2DD90A29D2}.Release|Any CPU.ActiveCfg = Release|Any CPU
		{C72F648D-610F-4C09-90AE-BB2DD90A29D2}.Release|Any CPU.Build.0 = Release|Any CPU
		{D57B4D9F-C756-4E84-951D-2D56EDE879A7}.Debug|Any CPU.ActiveCfg = Debug|Any CPU
		{D57B4D9F-C756-4E84-951D-2D56EDE879A7}.Debug|Any CPU.Build.0 = Debug|Any CPU
		{D57B4D9F-C756-4E84-951D-2D56EDE879A7}.Release|Any CPU.ActiveCfg = Release|Any CPU
		{D57B4D9F-C756-4E84-951D-2D56EDE879A7}.Release|Any CPU.Build.0 = Release|Any CPU
		{0CA433EB-B30D-4A93-8401-EC2C8A5BE104}.Debug|Any CPU.ActiveCfg = Debug|Any CPU
		{0CA433EB-B30D-4A93-8401-EC2C8A5BE104}.Debug|Any CPU.Build.0 = Debug|Any CPU
		{0CA433EB-B30D-4A93-8401-EC2C8A5BE104}.Release|Any CPU.ActiveCfg = Release|Any CPU
		{0CA433EB-B30D-4A93-8401-EC2C8A5BE104}.Release|Any CPU.Build.0 = Release|Any CPU
		{04799DD3-720C-4707-947F-C35FEB76F557}.Debug|Any CPU.ActiveCfg = Debug|Any CPU
		{04799DD3-720C-4707-947F-C35FEB76F557}.Debug|Any CPU.Build.0 = Debug|Any CPU
		{04799DD3-720C-4707-947F-C35FEB76F557}.Release|Any CPU.ActiveCfg = Release|Any CPU
		{04799DD3-720C-4707-947F-C35FEB76F557}.Release|Any CPU.Build.0 = Release|Any CPU
		{B115C56C-759C-4FE8-B30A-B5550F650228}.Debug|Any CPU.ActiveCfg = Debug|Any CPU
		{B115C56C-759C-4FE8-B30A-B5550F650228}.Debug|Any CPU.Build.0 = Debug|Any CPU
		{B115C56C-759C-4FE8-B30A-B5550F650228}.Release|Any CPU.ActiveCfg = Release|Any CPU
		{B115C56C-759C-4FE8-B30A-B5550F650228}.Release|Any CPU.Build.0 = Release|Any CPU
		{FA8A60FB-8C81-4682-8051-5777C41C9AF6}.Debug|Any CPU.ActiveCfg = Debug|Any CPU
		{FA8A60FB-8C81-4682-8051-5777C41C9AF6}.Debug|Any CPU.Build.0 = Debug|Any CPU
		{FA8A60FB-8C81-4682-8051-5777C41C9AF6}.Release|Any CPU.ActiveCfg = Release|Any CPU
		{FA8A60FB-8C81-4682-8051-5777C41C9AF6}.Release|Any CPU.Build.0 = Release|Any CPU
		{1C42CD6A-A00C-47DC-A9CE-D95B5EEE825F}.Debug|Any CPU.ActiveCfg = Debug|Any CPU
		{1C42CD6A-A00C-47DC-A9CE-D95B5EEE825F}.Debug|Any CPU.Build.0 = Debug|Any CPU
		{1C42CD6A-A00C-47DC-A9CE-D95B5EEE825F}.Release|Any CPU.ActiveCfg = Release|Any CPU
		{1C42CD6A-A00C-47DC-A9CE-D95B5EEE825F}.Release|Any CPU.Build.0 = Release|Any CPU
		{F452E0A6-FCB3-4519-9F1B-F4E60F7081EB}.Debug|Any CPU.ActiveCfg = Debug|Any CPU
		{F452E0A6-FCB3-4519-9F1B-F4E60F7081EB}.Debug|Any CPU.Build.0 = Debug|Any CPU
		{F452E0A6-FCB3-4519-9F1B-F4E60F7081EB}.Release|Any CPU.ActiveCfg = Release|Any CPU
		{F452E0A6-FCB3-4519-9F1B-F4E60F7081EB}.Release|Any CPU.Build.0 = Release|Any CPU
		{DB50A5A4-5A5A-4C95-B3EC-38EBB17DA862}.Debug|Any CPU.ActiveCfg = Debug|Any CPU
		{DB50A5A4-5A5A-4C95-B3EC-38EBB17DA862}.Debug|Any CPU.Build.0 = Debug|Any CPU
		{DB50A5A4-5A5A-4C95-B3EC-38EBB17DA862}.Release|Any CPU.ActiveCfg = Release|Any CPU
		{DB50A5A4-5A5A-4C95-B3EC-38EBB17DA862}.Release|Any CPU.Build.0 = Release|Any CPU
		{5FEBDBA7-105B-468D-9728-FEDB5CF837C2}.Debug|Any CPU.ActiveCfg = Debug|Any CPU
		{5FEBDBA7-105B-468D-9728-FEDB5CF837C2}.Debug|Any CPU.Build.0 = Debug|Any CPU
		{5FEBDBA7-105B-468D-9728-FEDB5CF837C2}.Release|Any CPU.ActiveCfg = Release|Any CPU
		{5FEBDBA7-105B-468D-9728-FEDB5CF837C2}.Release|Any CPU.Build.0 = Release|Any CPU
		{7A8BB7AC-5964-47F2-9742-1B87911F86FA}.Debug|Any CPU.ActiveCfg = Debug|Any CPU
		{7A8BB7AC-5964-47F2-9742-1B87911F86FA}.Debug|Any CPU.Build.0 = Debug|Any CPU
		{7A8BB7AC-5964-47F2-9742-1B87911F86FA}.Release|Any CPU.ActiveCfg = Release|Any CPU
		{7A8BB7AC-5964-47F2-9742-1B87911F86FA}.Release|Any CPU.Build.0 = Release|Any CPU
		{FC6AA3BC-1E2F-43B0-BFED-9A19C73EB4D5}.Debug|Any CPU.ActiveCfg = Debug|Any CPU
		{FC6AA3BC-1E2F-43B0-BFED-9A19C73EB4D5}.Debug|Any CPU.Build.0 = Debug|Any CPU
		{FC6AA3BC-1E2F-43B0-BFED-9A19C73EB4D5}.Release|Any CPU.ActiveCfg = Release|Any CPU
		{FC6AA3BC-1E2F-43B0-BFED-9A19C73EB4D5}.Release|Any CPU.Build.0 = Release|Any CPU
		{97C7B9E9-5E1A-4027-A0BF-4F1199BE9A84}.Debug|Any CPU.ActiveCfg = Debug|Any CPU
		{97C7B9E9-5E1A-4027-A0BF-4F1199BE9A84}.Debug|Any CPU.Build.0 = Debug|Any CPU
		{97C7B9E9-5E1A-4027-A0BF-4F1199BE9A84}.Release|Any CPU.ActiveCfg = Release|Any CPU
		{97C7B9E9-5E1A-4027-A0BF-4F1199BE9A84}.Release|Any CPU.Build.0 = Release|Any CPU
		{281DC0FD-6D1F-48F0-B4F5-0E155F6AB4D7}.Debug|Any CPU.ActiveCfg = Debug|Any CPU
		{281DC0FD-6D1F-48F0-B4F5-0E155F6AB4D7}.Debug|Any CPU.Build.0 = Debug|Any CPU
		{281DC0FD-6D1F-48F0-B4F5-0E155F6AB4D7}.Release|Any CPU.ActiveCfg = Release|Any CPU
		{281DC0FD-6D1F-48F0-B4F5-0E155F6AB4D7}.Release|Any CPU.Build.0 = Release|Any CPU
		{7B3C341E-EB81-46D4-A0B9-C3CF896EFD99}.Debug|Any CPU.ActiveCfg = Debug|Any CPU
		{7B3C341E-EB81-46D4-A0B9-C3CF896EFD99}.Debug|Any CPU.Build.0 = Debug|Any CPU
		{7B3C341E-EB81-46D4-A0B9-C3CF896EFD99}.Release|Any CPU.ActiveCfg = Release|Any CPU
		{7B3C341E-EB81-46D4-A0B9-C3CF896EFD99}.Release|Any CPU.Build.0 = Release|Any CPU
		{CD701E6B-7EA6-4540-8364-27E3786C5E50}.Debug|Any CPU.ActiveCfg = Debug|Any CPU
		{CD701E6B-7EA6-4540-8364-27E3786C5E50}.Debug|Any CPU.Build.0 = Debug|Any CPU
		{CD701E6B-7EA6-4540-8364-27E3786C5E50}.Release|Any CPU.ActiveCfg = Release|Any CPU
		{CD701E6B-7EA6-4540-8364-27E3786C5E50}.Release|Any CPU.Build.0 = Release|Any CPU
		{5065D0B8-E134-4E1D-9FE4-3EF11DDFF4D4}.Debug|Any CPU.ActiveCfg = Debug|Any CPU
		{5065D0B8-E134-4E1D-9FE4-3EF11DDFF4D4}.Debug|Any CPU.Build.0 = Debug|Any CPU
		{5065D0B8-E134-4E1D-9FE4-3EF11DDFF4D4}.Release|Any CPU.ActiveCfg = Release|Any CPU
		{5065D0B8-E134-4E1D-9FE4-3EF11DDFF4D4}.Release|Any CPU.Build.0 = Release|Any CPU
		{7CA9B2D0-2EA8-4F9B-A729-153B7AAE8356}.Debug|Any CPU.ActiveCfg = Debug|Any CPU
		{7CA9B2D0-2EA8-4F9B-A729-153B7AAE8356}.Debug|Any CPU.Build.0 = Debug|Any CPU
		{7CA9B2D0-2EA8-4F9B-A729-153B7AAE8356}.Release|Any CPU.ActiveCfg = Release|Any CPU
		{7CA9B2D0-2EA8-4F9B-A729-153B7AAE8356}.Release|Any CPU.Build.0 = Release|Any CPU
		{25DA1DF1-E615-41E6-8054-0B5170846546}.Debug|Any CPU.ActiveCfg = Debug|Any CPU
		{25DA1DF1-E615-41E6-8054-0B5170846546}.Debug|Any CPU.Build.0 = Debug|Any CPU
		{25DA1DF1-E615-41E6-8054-0B5170846546}.Release|Any CPU.ActiveCfg = Release|Any CPU
		{25DA1DF1-E615-41E6-8054-0B5170846546}.Release|Any CPU.Build.0 = Release|Any CPU
		{CA6EAFDC-0516-4580-857D-B99A6D1A0EB2}.Debug|Any CPU.ActiveCfg = Debug|Any CPU
		{CA6EAFDC-0516-4580-857D-B99A6D1A0EB2}.Debug|Any CPU.Build.0 = Debug|Any CPU
		{CA6EAFDC-0516-4580-857D-B99A6D1A0EB2}.Release|Any CPU.ActiveCfg = Release|Any CPU
		{CA6EAFDC-0516-4580-857D-B99A6D1A0EB2}.Release|Any CPU.Build.0 = Release|Any CPU
		{F10A3579-E4FE-4933-AB56-08569E1D21C6}.Debug|Any CPU.ActiveCfg = Debug|Any CPU
		{F10A3579-E4FE-4933-AB56-08569E1D21C6}.Debug|Any CPU.Build.0 = Debug|Any CPU
		{F10A3579-E4FE-4933-AB56-08569E1D21C6}.Release|Any CPU.ActiveCfg = Release|Any CPU
		{F10A3579-E4FE-4933-AB56-08569E1D21C6}.Release|Any CPU.Build.0 = Release|Any CPU
		{934F30ED-1563-49D1-BFEB-83FD76FAD6B4}.Debug|Any CPU.ActiveCfg = Debug|Any CPU
		{934F30ED-1563-49D1-BFEB-83FD76FAD6B4}.Debug|Any CPU.Build.0 = Debug|Any CPU
		{934F30ED-1563-49D1-BFEB-83FD76FAD6B4}.Release|Any CPU.ActiveCfg = Release|Any CPU
		{934F30ED-1563-49D1-BFEB-83FD76FAD6B4}.Release|Any CPU.Build.0 = Release|Any CPU
		{713A07A8-9C7E-4000-8D4C-9CB5B3F6725B}.Debug|Any CPU.ActiveCfg = Debug|Any CPU
		{713A07A8-9C7E-4000-8D4C-9CB5B3F6725B}.Debug|Any CPU.Build.0 = Debug|Any CPU
		{713A07A8-9C7E-4000-8D4C-9CB5B3F6725B}.Release|Any CPU.ActiveCfg = Release|Any CPU
		{713A07A8-9C7E-4000-8D4C-9CB5B3F6725B}.Release|Any CPU.Build.0 = Release|Any CPU
		{17CBB201-FF7B-4090-9062-AED5168ED380}.Debug|Any CPU.ActiveCfg = Debug|Any CPU
		{17CBB201-FF7B-4090-9062-AED5168ED380}.Debug|Any CPU.Build.0 = Debug|Any CPU
		{17CBB201-FF7B-4090-9062-AED5168ED380}.Release|Any CPU.ActiveCfg = Release|Any CPU
		{17CBB201-FF7B-4090-9062-AED5168ED380}.Release|Any CPU.Build.0 = Release|Any CPU
		{ECCEB14D-554C-438E-9589-8DDE4A425B23}.Debug|Any CPU.ActiveCfg = Debug|Any CPU
		{ECCEB14D-554C-438E-9589-8DDE4A425B23}.Debug|Any CPU.Build.0 = Debug|Any CPU
		{ECCEB14D-554C-438E-9589-8DDE4A425B23}.Release|Any CPU.ActiveCfg = Release|Any CPU
		{ECCEB14D-554C-438E-9589-8DDE4A425B23}.Release|Any CPU.Build.0 = Release|Any CPU
		{4AFFE0F4-0B86-4EC8-9CA1-2F6A189FC898}.Debug|Any CPU.ActiveCfg = Debug|Any CPU
		{4AFFE0F4-0B86-4EC8-9CA1-2F6A189FC898}.Debug|Any CPU.Build.0 = Debug|Any CPU
		{4AFFE0F4-0B86-4EC8-9CA1-2F6A189FC898}.Release|Any CPU.ActiveCfg = Release|Any CPU
		{4AFFE0F4-0B86-4EC8-9CA1-2F6A189FC898}.Release|Any CPU.Build.0 = Release|Any CPU
		{4BBADA98-149B-428D-A418-66F8F7531505}.Debug|Any CPU.ActiveCfg = Debug|Any CPU
		{4BBADA98-149B-428D-A418-66F8F7531505}.Debug|Any CPU.Build.0 = Debug|Any CPU
		{4BBADA98-149B-428D-A418-66F8F7531505}.Release|Any CPU.ActiveCfg = Release|Any CPU
		{4BBADA98-149B-428D-A418-66F8F7531505}.Release|Any CPU.Build.0 = Release|Any CPU
		{6CD1D72A-B055-46DE-A666-BF2061C7B663}.Debug|Any CPU.ActiveCfg = Debug|Any CPU
		{6CD1D72A-B055-46DE-A666-BF2061C7B663}.Debug|Any CPU.Build.0 = Debug|Any CPU
		{6CD1D72A-B055-46DE-A666-BF2061C7B663}.Release|Any CPU.ActiveCfg = Release|Any CPU
		{6CD1D72A-B055-46DE-A666-BF2061C7B663}.Release|Any CPU.Build.0 = Release|Any CPU
		{1CDB9FDA-13F0-4998-8C8A-AAB041005D39}.Debug|Any CPU.ActiveCfg = Debug|Any CPU
		{1CDB9FDA-13F0-4998-8C8A-AAB041005D39}.Debug|Any CPU.Build.0 = Debug|Any CPU
		{1CDB9FDA-13F0-4998-8C8A-AAB041005D39}.Release|Any CPU.ActiveCfg = Release|Any CPU
		{1CDB9FDA-13F0-4998-8C8A-AAB041005D39}.Release|Any CPU.Build.0 = Release|Any CPU
		{E8A844DD-A163-45C3-BE32-60CF77C75D4A}.Debug|Any CPU.ActiveCfg = Debug|Any CPU
		{E8A844DD-A163-45C3-BE32-60CF77C75D4A}.Debug|Any CPU.Build.0 = Debug|Any CPU
		{E8A844DD-A163-45C3-BE32-60CF77C75D4A}.Release|Any CPU.ActiveCfg = Release|Any CPU
		{E8A844DD-A163-45C3-BE32-60CF77C75D4A}.Release|Any CPU.Build.0 = Release|Any CPU
		{DC83106D-6927-4A22-94DF-B5DAA5C7DD3E}.Debug|Any CPU.ActiveCfg = Debug|Any CPU
		{DC83106D-6927-4A22-94DF-B5DAA5C7DD3E}.Debug|Any CPU.Build.0 = Debug|Any CPU
		{DC83106D-6927-4A22-94DF-B5DAA5C7DD3E}.Release|Any CPU.ActiveCfg = Release|Any CPU
		{DC83106D-6927-4A22-94DF-B5DAA5C7DD3E}.Release|Any CPU.Build.0 = Release|Any CPU
	EndGlobalSection
	GlobalSection(SolutionProperties) = preSolution
		HideSolutionNode = FALSE
	EndGlobalSection
	GlobalSection(NestedProjects) = preSolution
		{D57B4D9F-C756-4E84-951D-2D56EDE879A7} = {1CD019B1-6628-4F9D-BE13-AA15FA2AD934}
		{0CA433EB-B30D-4A93-8401-EC2C8A5BE104} = {1CD019B1-6628-4F9D-BE13-AA15FA2AD934}
		{04799DD3-720C-4707-947F-C35FEB76F557} = {D4D349EF-58D4-4E04-88A2-35FFA5D2EABC}
		{B115C56C-759C-4FE8-B30A-B5550F650228} = {19D29F78-F7F0-4D00-8791-9EDF91AE03A6}
		{FA8A60FB-8C81-4682-8051-5777C41C9AF6} = {19D29F78-F7F0-4D00-8791-9EDF91AE03A6}
		{1C42CD6A-A00C-47DC-A9CE-D95B5EEE825F} = {19D29F78-F7F0-4D00-8791-9EDF91AE03A6}
		{F452E0A6-FCB3-4519-9F1B-F4E60F7081EB} = {19D29F78-F7F0-4D00-8791-9EDF91AE03A6}
		{DB50A5A4-5A5A-4C95-B3EC-38EBB17DA862} = {19D29F78-F7F0-4D00-8791-9EDF91AE03A6}
		{5FEBDBA7-105B-468D-9728-FEDB5CF837C2} = {19D29F78-F7F0-4D00-8791-9EDF91AE03A6}
		{7A8BB7AC-5964-47F2-9742-1B87911F86FA} = {19D29F78-F7F0-4D00-8791-9EDF91AE03A6}
		{FC6AA3BC-1E2F-43B0-BFED-9A19C73EB4D5} = {19D29F78-F7F0-4D00-8791-9EDF91AE03A6}
		{97C7B9E9-5E1A-4027-A0BF-4F1199BE9A84} = {3BB56407-8705-4E81-884F-ECECBB97F2CD}
		{281DC0FD-6D1F-48F0-B4F5-0E155F6AB4D7} = {3BB56407-8705-4E81-884F-ECECBB97F2CD}
		{7B3C341E-EB81-46D4-A0B9-C3CF896EFD99} = {3BB56407-8705-4E81-884F-ECECBB97F2CD}
		{CD701E6B-7EA6-4540-8364-27E3786C5E50} = {3BB56407-8705-4E81-884F-ECECBB97F2CD}
		{5065D0B8-E134-4E1D-9FE4-3EF11DDFF4D4} = {3BB56407-8705-4E81-884F-ECECBB97F2CD}
		{7CA9B2D0-2EA8-4F9B-A729-153B7AAE8356} = {3BB56407-8705-4E81-884F-ECECBB97F2CD}
		{25DA1DF1-E615-41E6-8054-0B5170846546} = {3BB56407-8705-4E81-884F-ECECBB97F2CD}
		{CA6EAFDC-0516-4580-857D-B99A6D1A0EB2} = {3BB56407-8705-4E81-884F-ECECBB97F2CD}
		{F10A3579-E4FE-4933-AB56-08569E1D21C6} = {3BB56407-8705-4E81-884F-ECECBB97F2CD}
		{934F30ED-1563-49D1-BFEB-83FD76FAD6B4} = {3BB56407-8705-4E81-884F-ECECBB97F2CD}
		{713A07A8-9C7E-4000-8D4C-9CB5B3F6725B} = {3BB56407-8705-4E81-884F-ECECBB97F2CD}
		{ECCEB14D-554C-438E-9589-8DDE4A425B23} = {069E2324-7A62-4465-8586-1F6E6CE0A6DB}
		{4AFFE0F4-0B86-4EC8-9CA1-2F6A189FC898} = {405D5855-F15B-4D75-AA7D-69F2A0051E3D}
		{4BBADA98-149B-428D-A418-66F8F7531505} = {405D5855-F15B-4D75-AA7D-69F2A0051E3D}
		{6CD1D72A-B055-46DE-A666-BF2061C7B663} = {405D5855-F15B-4D75-AA7D-69F2A0051E3D}
		{1CDB9FDA-13F0-4998-8C8A-AAB041005D39} = {405D5855-F15B-4D75-AA7D-69F2A0051E3D}
		{E8A844DD-A163-45C3-BE32-60CF77C75D4A} = {405D5855-F15B-4D75-AA7D-69F2A0051E3D}
		{DC83106D-6927-4A22-94DF-B5DAA5C7DD3E} = {19D29F78-F7F0-4D00-8791-9EDF91AE03A6}
	EndGlobalSection
	GlobalSection(ExtensibilityGlobals) = postSolution
		SolutionGuid = {75EC4551-BDDA-44DC-B093-1C3F4BA400C8}
	EndGlobalSection
EndGlobal
