
Microsoft Visual Studio Solution File, Format Version 12.00
# Visual Studio 15
VisualStudioVersion = 15.0.26430.16
MinimumVisualStudioVersion = 10.0.40219.1
Project("{FAE04EC0-301F-11D3-BF4B-00C04F79EFBC}") = "Uvodni", "ConsoleApp1\Uvodni.csproj", "{31F30331-D9D7-4529-9C4C-B096F2654F21}"
EndProject
Project("{FAE04EC0-301F-11D3-BF4B-00C04F79EFBC}") = "Zbroj", "Zbroj\Zbroj.csproj", "{C72F648D-610F-4C09-90AE-BB2DD90A29D2}"
EndProject
Project("{2150E333-8FDC-42A3-9474-1A3956D46DE8}") = "4.1_Uvod", "4.1_Uvod", "{1CD019B1-6628-4F9D-BE13-AA15FA2AD934}"
EndProject
Project("{FAE04EC0-301F-11D3-BF4B-00C04F79EFBC}") = "Hello", "Hello\Hello.csproj", "{D57B4D9F-C756-4E84-951D-2D56EDE879A7}"
EndProject
Project("{FAE04EC0-301F-11D3-BF4B-00C04F79EFBC}") = "IspisBrojeva", "IspisBrojeva\IspisBrojeva.csproj", "{0CA433EB-B30D-4A93-8401-EC2C8A5BE104}"
EndProject
Project("{2150E333-8FDC-42A3-9474-1A3956D46DE8}") = "5.1_varijable", "5.1_varijable", "{D4D349EF-58D4-4E04-88A2-35FFA5D2EABC}"
EndProject
Project("{FAE04EC0-301F-11D3-BF4B-00C04F79EFBC}") = "zbroj_razlika", "zbroj_razlika\zbroj_razlika.csproj", "{04799DD3-720C-4707-947F-C35FEB76F557}"
EndProject
Project("{2150E333-8FDC-42A3-9474-1A3956D46DE8}") = "5.2_Uvjetno_grananje", "5.2_Uvjetno_grananje", "{19D29F78-F7F0-4D00-8791-9EDF91AE03A6}"
EndProject
Project("{FAE04EC0-301F-11D3-BF4B-00C04F79EFBC}") = "if_primjer", "if_primjer\if_primjer.csproj", "{B115C56C-759C-4FE8-B30A-B5550F650228}"
EndProject
Project("{FAE04EC0-301F-11D3-BF4B-00C04F79EFBC}") = "primjer_5.2.1.2_pozitivan", "primjer_5.2.1.2_pozitivan\primjer_5.2.1.2_pozitivan.csproj", "{FA8A60FB-8C81-4682-8051-5777C41C9AF6}"
EndProject
Project("{FAE04EC0-301F-11D3-BF4B-00C04F79EFBC}") = "primjer_5.2.2.switch", "primjer_5.2.2.switch\primjer_5.2.2.switch.csproj", "{1C42CD6A-A00C-47DC-A9CE-D95B5EEE825F}"
EndProject
Project("{FAE04EC0-301F-11D3-BF4B-00C04F79EFBC}") = "5.2.3.exceptio_primjer", "5.2.3.exceptio_primjer\5.2.3.exceptio_primjer.csproj", "{F452E0A6-FCB3-4519-9F1B-F4E60F7081EB}"
EndProject
Project("{FAE04EC0-301F-11D3-BF4B-00C04F79EFBC}") = "5.2.3_veliki_broj", "5.2.3_veliki_broj\5.2.3_veliki_broj.csproj", "{DB50A5A4-5A5A-4C95-B3EC-38EBB17DA862}"
EndProject
Project("{FAE04EC0-301F-11D3-BF4B-00C04F79EFBC}") = "5.2.4X_znam", "5.2.4X_znam\5.2.4X_znam.csproj", "{5FEBDBA7-105B-468D-9728-FEDB5CF837C2}"
EndProject
Project("{FAE04EC0-301F-11D3-BF4B-00C04F79EFBC}") = "5.2.7_djeljiv_s_4", "5.2.7_djeljiv_s_4\5.2.7_djeljiv_s_4.csproj", "{7A8BB7AC-5964-47F2-9742-1B87911F86FA}"
EndProject
Project("{FAE04EC0-301F-11D3-BF4B-00C04F79EFBC}") = "5.2.9.cjelobrojno_djeljenje", "5.2.9.cjelobrojno_djeljenje\5.2.9.cjelobrojno_djeljenje.csproj", "{FC6AA3BC-1E2F-43B0-BFED-9A19C73EB4D5}"
EndProject
Project("{2150E333-8FDC-42A3-9474-1A3956D46DE8}") = "5.3_ciklicke_petlje", "5.3_ciklicke_petlje", "{5E3AC01F-93EA-4702-BF22-554CCD586169}"
EndProject
Project("{FAE04EC0-301F-11D3-BF4B-00C04F79EFBC}") = "Petlje_primjeri_for", "Petlje_primjeri\Petlje_primjeri_for.csproj", "{D577E4CF-C680-4621-AE2A-8FE8C4855644}"
EndProject
Project("{FAE04EC0-301F-11D3-BF4B-00C04F79EFBC}") = "Petlja_primjeri_while", "Petlja_primjeri_while\Petlja_primjeri_while.csproj", "{9625D979-261C-4547-85F4-114179A82E4B}"
EndProject
Project("{FAE04EC0-301F-11D3-BF4B-00C04F79EFBC}") = "5.3.4._faktorijel", "5.3.4._faktorijel\5.3.4._faktorijel.csproj", "{4E161358-FDB6-496C-80DA-FA3FFE0BB74A}"
EndProject
Project("{FAE04EC0-301F-11D3-BF4B-00C04F79EFBC}") = "5.3.5_djeljivi_u _intervalu_plus_exception", "5.3.5_djeljivi_u _intervalu_plus_exception\5.3.5_djeljivi_u _intervalu_plus_exception.csproj", "{220BBFE6-D2FD-4B78-AA42-33D812A02EE5}"
EndProject
Project("{FAE04EC0-301F-11D3-BF4B-00C04F79EFBC}") = "5.3.6", "..\..\AlgebraCSharp20191\ConsoleApp1\5.3.6\5.3.6.csproj", "{8C7A63BE-FB17-4D6B-A8BB-85F1E79A43E2}"
EndProject
Project("{FAE04EC0-301F-11D3-BF4B-00C04F79EFBC}") = "5.3.7", "..\..\AlgebraCSharp20191\ConsoleApp1\5.3.7\5.3.7.csproj", "{B900E1CC-47BA-490D-8718-238D3B7019AC}"
EndProject
Project("{FAE04EC0-301F-11D3-BF4B-00C04F79EFBC}") = "5.3.8", "..\..\AlgebraCSharp20191\ConsoleApp1\5.3.8\5.3.8.csproj", "{9826BC4B-0347-4D0B-BF3D-DB78E53F7087}"
EndProject
Project("{FAE04EC0-301F-11D3-BF4B-00C04F79EFBC}") = "5.3.9", "..\..\AlgebraCSharp20191\ConsoleApp1\5.3.9\5.3.9.csproj", "{D05A61DA-156C-492F-BEE7-C99F30502ACB}"
EndProject
Project("{FAE04EC0-301F-11D3-BF4B-00C04F79EFBC}") = "5.3.10", "..\..\AlgebraCSharp20191\ConsoleApp1\5.3.10\5.3.10.csproj", "{DC83106D-6927-4A22-94DF-B5DAA5C7DD3E}"
EndProject
Project("{FAE04EC0-301F-11D3-BF4B-00C04F79EFBC}") = "5.3.11", "..\..\AlgebraCSharp20191\ConsoleApp1\5.3.11\5.3.11.csproj", "{98F46281-7775-4DEE-B373-D7CF3F7F3061}"
EndProject
Project("{FAE04EC0-301F-11D3-BF4B-00C04F79EFBC}") = "5.3.12", "..\..\AlgebraCSharp20191\ConsoleApp1\5.3.12\5.3.12.csproj", "{A70A7322-2B59-4823-8E5E-F9DA62F52DB1}"
EndProject
Project("{FAE04EC0-301F-11D3-BF4B-00C04F79EFBC}") = "5.3.13", "..\..\AlgebraCSharp20191\ConsoleApp1\5.3.13\5.3.13.csproj", "{043D0600-B0D7-491D-A03F-B75EA94DED64}"
EndProject
Project("{FAE04EC0-301F-11D3-BF4B-00C04F79EFBC}") = "5.3.14", "..\..\AlgebraCSharp20191\ConsoleApp1\5.3.14\5.3.14.csproj", "{FD07478A-ECE5-49D6-9E4A-F581BB202D11}"
EndProject
Project("{FAE04EC0-301F-11D3-BF4B-00C04F79EFBC}") = "5.3.15", "..\..\AlgebraCSharp20191\ConsoleApp1\5.3.15\5.3.15.csproj", "{EBDB6E60-3540-4CFA-A02A-289257099AC0}"
EndProject
Project("{FAE04EC0-301F-11D3-BF4B-00C04F79EFBC}") = "5.3.16", "..\..\AlgebraCSharp20191\ConsoleApp1\5.3.16\5.3.16.csproj", "{46E0FAAD-C35D-4B5C-ACC5-0C7885EFA21E}"
EndProject
Project("{FAE04EC0-301F-11D3-BF4B-00C04F79EFBC}") = "5.3.17", "..\..\AlgebraCSharp20191\ConsoleApp1\5.3.17\5.3.17.csproj", "{3B609389-0CFF-45AB-950D-B88A51CA0AB6}"
EndProject
Project("{FAE04EC0-301F-11D3-BF4B-00C04F79EFBC}") = "5.3.19", "..\..\AlgebraCSharp20191\ConsoleApp1\5.3.19\5.3.19.csproj", "{D5998DED-A809-416F-A2BF-7619EA4A1BD5}"
EndProject
Project("{FAE04EC0-301F-11D3-BF4B-00C04F79EFBC}") = "5.3.18", "..\..\AlgebraCSharp20191\ConsoleApp1\5.3.18\5.3.18.csproj", "{15DE5942-0BD2-409D-9057-BEC7D5CBECF5}"
EndProject
Project("{FAE04EC0-301F-11D3-BF4B-00C04F79EFBC}") = "5.3.20", "..\..\AlgebraCSharp20191\ConsoleApp1\5.3.20\5.3.20.csproj", "{C30F1ACF-D746-4D48-B743-1DDF09428C0A}"
EndProject
Project("{FAE04EC0-301F-11D3-BF4B-00C04F79EFBC}") = "5.3.21", "..\..\AlgebraCSharp20191\ConsoleApp1\5.3.21\5.3.21.csproj", "{DAD05260-4889-4A5B-A745-D80493933F55}"
EndProject
Project("{FAE04EC0-301F-11D3-BF4B-00C04F79EFBC}") = "5.3.22", "..\..\AlgebraCSharp20191\ConsoleApp1\5.3.22\5.3.22.csproj", "{A5412DEF-10C0-4240-AE61-5AE8CDE393AB}"
EndProject
Project("{2150E333-8FDC-42A3-9474-1A3956D46DE8}") = "7.1_funkcije", "7.1_funkcije", "{3BB56407-8705-4E81-884F-ECECBB97F2CD}"
EndProject
Project("{FAE04EC0-301F-11D3-BF4B-00C04F79EFBC}") = "7.2.1", "7.2.1\7.2.1.csproj", "{97C7B9E9-5E1A-4027-A0BF-4F1199BE9A84}"
EndProject
Project("{FAE04EC0-301F-11D3-BF4B-00C04F79EFBC}") = "7.2.2", "7.2.2\7.2.2.csproj", "{281DC0FD-6D1F-48F0-B4F5-0E155F6AB4D7}"
EndProject
Project("{FAE04EC0-301F-11D3-BF4B-00C04F79EFBC}") = "7.2.3", "7.2.3\7.2.3.csproj", "{7B3C341E-EB81-46D4-A0B9-C3CF896EFD99}"
EndProject
Project("{FAE04EC0-301F-11D3-BF4B-00C04F79EFBC}") = "7.2.4", "7.2.4\7.2.4.csproj", "{CD701E6B-7EA6-4540-8364-27E3786C5E50}"
EndProject
Project("{FAE04EC0-301F-11D3-BF4B-00C04F79EFBC}") = "7.2.5", "7.2.5\7.2.5.csproj", "{5065D0B8-E134-4E1D-9FE4-3EF11DDFF4D4}"
EndProject
Project("{FAE04EC0-301F-11D3-BF4B-00C04F79EFBC}") = "7.2.6", "7.2.6\7.2.6.csproj", "{7CA9B2D0-2EA8-4F9B-A729-153B7AAE8356}"
EndProject
Project("{FAE04EC0-301F-11D3-BF4B-00C04F79EFBC}") = "7.2.7", "7.2.7\7.2.7.csproj", "{25DA1DF1-E615-41E6-8054-0B5170846546}"
EndProject
Project("{FAE04EC0-301F-11D3-BF4B-00C04F79EFBC}") = "7.2.8", "7.2.8\7.2.8.csproj", "{CA6EAFDC-0516-4580-857D-B99A6D1A0EB2}"
EndProject
Project("{FAE04EC0-301F-11D3-BF4B-00C04F79EFBC}") = "7.2.9", "7.2.9\7.2.9.csproj", "{F10A3579-E4FE-4933-AB56-08569E1D21C6}"
EndProject
Project("{FAE04EC0-301F-11D3-BF4B-00C04F79EFBC}") = "7.2.10", "7.2.10\7.2.10.csproj", "{934F30ED-1563-49D1-BFEB-83FD76FAD6B4}"
EndProject
Project("{FAE04EC0-301F-11D3-BF4B-00C04F79EFBC}") = "7.2.11", "7.2.11\7.2.11.csproj", "{713A07A8-9C7E-4000-8D4C-9CB5B3F6725B}"
EndProject
Global
	GlobalSection(SolutionConfigurationPlatforms) = preSolution
		Debug|Any CPU = Debug|Any CPU
		Release|Any CPU = Release|Any CPU
	EndGlobalSection
	GlobalSection(ProjectConfigurationPlatforms) = postSolution
		{31F30331-D9D7-4529-9C4C-B096F2654F21}.Debug|Any CPU.ActiveCfg = Debug|Any CPU
		{31F30331-D9D7-4529-9C4C-B096F2654F21}.Debug|Any CPU.Build.0 = Debug|Any CPU
		{31F30331-D9D7-4529-9C4C-B096F2654F21}.Release|Any CPU.ActiveCfg = Release|Any CPU
		{31F30331-D9D7-4529-9C4C-B096F2654F21}.Release|Any CPU.Build.0 = Release|Any CPU
		{C72F648D-610F-4C09-90AE-BB2DD90A29D2}.Debug|Any CPU.ActiveCfg = Debug|Any CPU
		{C72F648D-610F-4C09-90AE-BB2DD90A29D2}.Debug|Any CPU.Build.0 = Debug|Any CPU
		{C72F648D-610F-4C09-90AE-BB2DD90A29D2}.Release|Any CPU.ActiveCfg = Release|Any CPU
		{C72F648D-610F-4C09-90AE-BB2DD90A29D2}.Release|Any CPU.Build.0 = Release|Any CPU
		{D57B4D9F-C756-4E84-951D-2D56EDE879A7}.Debug|Any CPU.ActiveCfg = Debug|Any CPU
		{D57B4D9F-C756-4E84-951D-2D56EDE879A7}.Debug|Any CPU.Build.0 = Debug|Any CPU
		{D57B4D9F-C756-4E84-951D-2D56EDE879A7}.Release|Any CPU.ActiveCfg = Release|Any CPU
		{D57B4D9F-C756-4E84-951D-2D56EDE879A7}.Release|Any CPU.Build.0 = Release|Any CPU
		{0CA433EB-B30D-4A93-8401-EC2C8A5BE104}.Debug|Any CPU.ActiveCfg = Debug|Any CPU
		{0CA433EB-B30D-4A93-8401-EC2C8A5BE104}.Debug|Any CPU.Build.0 = Debug|Any CPU
		{0CA433EB-B30D-4A93-8401-EC2C8A5BE104}.Release|Any CPU.ActiveCfg = Release|Any CPU
		{0CA433EB-B30D-4A93-8401-EC2C8A5BE104}.Release|Any CPU.Build.0 = Release|Any CPU
		{04799DD3-720C-4707-947F-C35FEB76F557}.Debug|Any CPU.ActiveCfg = Debug|Any CPU
		{04799DD3-720C-4707-947F-C35FEB76F557}.Debug|Any CPU.Build.0 = Debug|Any CPU
		{04799DD3-720C-4707-947F-C35FEB76F557}.Release|Any CPU.ActiveCfg = Release|Any CPU
		{04799DD3-720C-4707-947F-C35FEB76F557}.Release|Any CPU.Build.0 = Release|Any CPU
		{B115C56C-759C-4FE8-B30A-B5550F650228}.Debug|Any CPU.ActiveCfg = Debug|Any CPU
		{B115C56C-759C-4FE8-B30A-B5550F650228}.Debug|Any CPU.Build.0 = Debug|Any CPU
		{B115C56C-759C-4FE8-B30A-B5550F650228}.Release|Any CPU.ActiveCfg = Release|Any CPU
		{B115C56C-759C-4FE8-B30A-B5550F650228}.Release|Any CPU.Build.0 = Release|Any CPU
		{FA8A60FB-8C81-4682-8051-5777C41C9AF6}.Debug|Any CPU.ActiveCfg = Debug|Any CPU
		{FA8A60FB-8C81-4682-8051-5777C41C9AF6}.Debug|Any CPU.Build.0 = Debug|Any CPU
		{FA8A60FB-8C81-4682-8051-5777C41C9AF6}.Release|Any CPU.ActiveCfg = Release|Any CPU
		{FA8A60FB-8C81-4682-8051-5777C41C9AF6}.Release|Any CPU.Build.0 = Release|Any CPU
		{1C42CD6A-A00C-47DC-A9CE-D95B5EEE825F}.Debug|Any CPU.ActiveCfg = Debug|Any CPU
		{1C42CD6A-A00C-47DC-A9CE-D95B5EEE825F}.Debug|Any CPU.Build.0 = Debug|Any CPU
		{1C42CD6A-A00C-47DC-A9CE-D95B5EEE825F}.Release|Any CPU.ActiveCfg = Release|Any CPU
		{1C42CD6A-A00C-47DC-A9CE-D95B5EEE825F}.Release|Any CPU.Build.0 = Release|Any CPU
		{F452E0A6-FCB3-4519-9F1B-F4E60F7081EB}.Debug|Any CPU.ActiveCfg = Debug|Any CPU
		{F452E0A6-FCB3-4519-9F1B-F4E60F7081EB}.Debug|Any CPU.Build.0 = Debug|Any CPU
		{F452E0A6-FCB3-4519-9F1B-F4E60F7081EB}.Release|Any CPU.ActiveCfg = Release|Any CPU
		{F452E0A6-FCB3-4519-9F1B-F4E60F7081EB}.Release|Any CPU.Build.0 = Release|Any CPU
		{DB50A5A4-5A5A-4C95-B3EC-38EBB17DA862}.Debug|Any CPU.ActiveCfg = Debug|Any CPU
		{DB50A5A4-5A5A-4C95-B3EC-38EBB17DA862}.Debug|Any CPU.Build.0 = Debug|Any CPU
		{DB50A5A4-5A5A-4C95-B3EC-38EBB17DA862}.Release|Any CPU.ActiveCfg = Release|Any CPU
		{DB50A5A4-5A5A-4C95-B3EC-38EBB17DA862}.Release|Any CPU.Build.0 = Release|Any CPU
		{5FEBDBA7-105B-468D-9728-FEDB5CF837C2}.Debug|Any CPU.ActiveCfg = Debug|Any CPU
		{5FEBDBA7-105B-468D-9728-FEDB5CF837C2}.Debug|Any CPU.Build.0 = Debug|Any CPU
		{5FEBDBA7-105B-468D-9728-FEDB5CF837C2}.Release|Any CPU.ActiveCfg = Release|Any CPU
		{5FEBDBA7-105B-468D-9728-FEDB5CF837C2}.Release|Any CPU.Build.0 = Release|Any CPU
		{7A8BB7AC-5964-47F2-9742-1B87911F86FA}.Debug|Any CPU.ActiveCfg = Debug|Any CPU
		{7A8BB7AC-5964-47F2-9742-1B87911F86FA}.Debug|Any CPU.Build.0 = Debug|Any CPU
		{7A8BB7AC-5964-47F2-9742-1B87911F86FA}.Release|Any CPU.ActiveCfg = Release|Any CPU
		{7A8BB7AC-5964-47F2-9742-1B87911F86FA}.Release|Any CPU.Build.0 = Release|Any CPU
		{FC6AA3BC-1E2F-43B0-BFED-9A19C73EB4D5}.Debug|Any CPU.ActiveCfg = Debug|Any CPU
		{FC6AA3BC-1E2F-43B0-BFED-9A19C73EB4D5}.Debug|Any CPU.Build.0 = Debug|Any CPU
		{FC6AA3BC-1E2F-43B0-BFED-9A19C73EB4D5}.Release|Any CPU.ActiveCfg = Release|Any CPU
		{FC6AA3BC-1E2F-43B0-BFED-9A19C73EB4D5}.Release|Any CPU.Build.0 = Release|Any CPU
		{D577E4CF-C680-4621-AE2A-8FE8C4855644}.Debug|Any CPU.ActiveCfg = Debug|Any CPU
		{D577E4CF-C680-4621-AE2A-8FE8C4855644}.Debug|Any CPU.Build.0 = Debug|Any CPU
		{D577E4CF-C680-4621-AE2A-8FE8C4855644}.Release|Any CPU.ActiveCfg = Release|Any CPU
		{D577E4CF-C680-4621-AE2A-8FE8C4855644}.Release|Any CPU.Build.0 = Release|Any CPU
		{9625D979-261C-4547-85F4-114179A82E4B}.Debug|Any CPU.ActiveCfg = Debug|Any CPU
		{9625D979-261C-4547-85F4-114179A82E4B}.Debug|Any CPU.Build.0 = Debug|Any CPU
		{9625D979-261C-4547-85F4-114179A82E4B}.Release|Any CPU.ActiveCfg = Release|Any CPU
		{9625D979-261C-4547-85F4-114179A82E4B}.Release|Any CPU.Build.0 = Release|Any CPU
		{4E161358-FDB6-496C-80DA-FA3FFE0BB74A}.Debug|Any CPU.ActiveCfg = Debug|Any CPU
		{4E161358-FDB6-496C-80DA-FA3FFE0BB74A}.Debug|Any CPU.Build.0 = Debug|Any CPU
		{4E161358-FDB6-496C-80DA-FA3FFE0BB74A}.Release|Any CPU.ActiveCfg = Release|Any CPU
		{4E161358-FDB6-496C-80DA-FA3FFE0BB74A}.Release|Any CPU.Build.0 = Release|Any CPU
		{220BBFE6-D2FD-4B78-AA42-33D812A02EE5}.Debug|Any CPU.ActiveCfg = Debug|Any CPU
		{220BBFE6-D2FD-4B78-AA42-33D812A02EE5}.Debug|Any CPU.Build.0 = Debug|Any CPU
		{220BBFE6-D2FD-4B78-AA42-33D812A02EE5}.Release|Any CPU.ActiveCfg = Release|Any CPU
		{220BBFE6-D2FD-4B78-AA42-33D812A02EE5}.Release|Any CPU.Build.0 = Release|Any CPU
		{8C7A63BE-FB17-4D6B-A8BB-85F1E79A43E2}.Debug|Any CPU.ActiveCfg = Debug|Any CPU
		{8C7A63BE-FB17-4D6B-A8BB-85F1E79A43E2}.Debug|Any CPU.Build.0 = Debug|Any CPU
		{8C7A63BE-FB17-4D6B-A8BB-85F1E79A43E2}.Release|Any CPU.ActiveCfg = Release|Any CPU
		{8C7A63BE-FB17-4D6B-A8BB-85F1E79A43E2}.Release|Any CPU.Build.0 = Release|Any CPU
		{B900E1CC-47BA-490D-8718-238D3B7019AC}.Debug|Any CPU.ActiveCfg = Debug|Any CPU
		{B900E1CC-47BA-490D-8718-238D3B7019AC}.Debug|Any CPU.Build.0 = Debug|Any CPU
		{B900E1CC-47BA-490D-8718-238D3B7019AC}.Release|Any CPU.ActiveCfg = Release|Any CPU
		{B900E1CC-47BA-490D-8718-238D3B7019AC}.Release|Any CPU.Build.0 = Release|Any CPU
		{9826BC4B-0347-4D0B-BF3D-DB78E53F7087}.Debug|Any CPU.ActiveCfg = Debug|Any CPU
		{9826BC4B-0347-4D0B-BF3D-DB78E53F7087}.Debug|Any CPU.Build.0 = Debug|Any CPU
		{9826BC4B-0347-4D0B-BF3D-DB78E53F7087}.Release|Any CPU.ActiveCfg = Release|Any CPU
		{9826BC4B-0347-4D0B-BF3D-DB78E53F7087}.Release|Any CPU.Build.0 = Release|Any CPU
		{D05A61DA-156C-492F-BEE7-C99F30502ACB}.Debug|Any CPU.ActiveCfg = Debug|Any CPU
		{D05A61DA-156C-492F-BEE7-C99F30502ACB}.Debug|Any CPU.Build.0 = Debug|Any CPU
		{D05A61DA-156C-492F-BEE7-C99F30502ACB}.Release|Any CPU.ActiveCfg = Release|Any CPU
		{D05A61DA-156C-492F-BEE7-C99F30502ACB}.Release|Any CPU.Build.0 = Release|Any CPU
		{DC83106D-6927-4A22-94DF-B5DAA5C7DD3E}.Debug|Any CPU.ActiveCfg = Debug|Any CPU
		{DC83106D-6927-4A22-94DF-B5DAA5C7DD3E}.Debug|Any CPU.Build.0 = Debug|Any CPU
		{DC83106D-6927-4A22-94DF-B5DAA5C7DD3E}.Release|Any CPU.ActiveCfg = Release|Any CPU
		{DC83106D-6927-4A22-94DF-B5DAA5C7DD3E}.Release|Any CPU.Build.0 = Release|Any CPU
		{98F46281-7775-4DEE-B373-D7CF3F7F3061}.Debug|Any CPU.ActiveCfg = Debug|Any CPU
		{98F46281-7775-4DEE-B373-D7CF3F7F3061}.Debug|Any CPU.Build.0 = Debug|Any CPU
		{98F46281-7775-4DEE-B373-D7CF3F7F3061}.Release|Any CPU.ActiveCfg = Release|Any CPU
		{98F46281-7775-4DEE-B373-D7CF3F7F3061}.Release|Any CPU.Build.0 = Release|Any CPU
		{A70A7322-2B59-4823-8E5E-F9DA62F52DB1}.Debug|Any CPU.ActiveCfg = Debug|Any CPU
		{A70A7322-2B59-4823-8E5E-F9DA62F52DB1}.Debug|Any CPU.Build.0 = Debug|Any CPU
		{A70A7322-2B59-4823-8E5E-F9DA62F52DB1}.Release|Any CPU.ActiveCfg = Release|Any CPU
		{A70A7322-2B59-4823-8E5E-F9DA62F52DB1}.Release|Any CPU.Build.0 = Release|Any CPU
		{043D0600-B0D7-491D-A03F-B75EA94DED64}.Debug|Any CPU.ActiveCfg = Debug|Any CPU
		{043D0600-B0D7-491D-A03F-B75EA94DED64}.Debug|Any CPU.Build.0 = Debug|Any CPU
		{043D0600-B0D7-491D-A03F-B75EA94DED64}.Release|Any CPU.ActiveCfg = Release|Any CPU
		{043D0600-B0D7-491D-A03F-B75EA94DED64}.Release|Any CPU.Build.0 = Release|Any CPU
		{FD07478A-ECE5-49D6-9E4A-F581BB202D11}.Debug|Any CPU.ActiveCfg = Debug|Any CPU
		{FD07478A-ECE5-49D6-9E4A-F581BB202D11}.Debug|Any CPU.Build.0 = Debug|Any CPU
		{FD07478A-ECE5-49D6-9E4A-F581BB202D11}.Release|Any CPU.ActiveCfg = Release|Any CPU
		{FD07478A-ECE5-49D6-9E4A-F581BB202D11}.Release|Any CPU.Build.0 = Release|Any CPU
		{EBDB6E60-3540-4CFA-A02A-289257099AC0}.Debug|Any CPU.ActiveCfg = Debug|Any CPU
		{EBDB6E60-3540-4CFA-A02A-289257099AC0}.Debug|Any CPU.Build.0 = Debug|Any CPU
		{EBDB6E60-3540-4CFA-A02A-289257099AC0}.Release|Any CPU.ActiveCfg = Release|Any CPU
		{EBDB6E60-3540-4CFA-A02A-289257099AC0}.Release|Any CPU.Build.0 = Release|Any CPU
		{46E0FAAD-C35D-4B5C-ACC5-0C7885EFA21E}.Debug|Any CPU.ActiveCfg = Debug|Any CPU
		{46E0FAAD-C35D-4B5C-ACC5-0C7885EFA21E}.Debug|Any CPU.Build.0 = Debug|Any CPU
		{46E0FAAD-C35D-4B5C-ACC5-0C7885EFA21E}.Release|Any CPU.ActiveCfg = Release|Any CPU
		{46E0FAAD-C35D-4B5C-ACC5-0C7885EFA21E}.Release|Any CPU.Build.0 = Release|Any CPU
		{3B609389-0CFF-45AB-950D-B88A51CA0AB6}.Debug|Any CPU.ActiveCfg = Debug|Any CPU
		{3B609389-0CFF-45AB-950D-B88A51CA0AB6}.Debug|Any CPU.Build.0 = Debug|Any CPU
		{3B609389-0CFF-45AB-950D-B88A51CA0AB6}.Release|Any CPU.ActiveCfg = Release|Any CPU
		{3B609389-0CFF-45AB-950D-B88A51CA0AB6}.Release|Any CPU.Build.0 = Release|Any CPU
		{D5998DED-A809-416F-A2BF-7619EA4A1BD5}.Debug|Any CPU.ActiveCfg = Debug|Any CPU
		{D5998DED-A809-416F-A2BF-7619EA4A1BD5}.Debug|Any CPU.Build.0 = Debug|Any CPU
		{D5998DED-A809-416F-A2BF-7619EA4A1BD5}.Release|Any CPU.ActiveCfg = Release|Any CPU
		{D5998DED-A809-416F-A2BF-7619EA4A1BD5}.Release|Any CPU.Build.0 = Release|Any CPU
		{15DE5942-0BD2-409D-9057-BEC7D5CBECF5}.Debug|Any CPU.ActiveCfg = Debug|Any CPU
		{15DE5942-0BD2-409D-9057-BEC7D5CBECF5}.Debug|Any CPU.Build.0 = Debug|Any CPU
		{15DE5942-0BD2-409D-9057-BEC7D5CBECF5}.Release|Any CPU.ActiveCfg = Release|Any CPU
		{15DE5942-0BD2-409D-9057-BEC7D5CBECF5}.Release|Any CPU.Build.0 = Release|Any CPU
		{C30F1ACF-D746-4D48-B743-1DDF09428C0A}.Debug|Any CPU.ActiveCfg = Debug|Any CPU
		{C30F1ACF-D746-4D48-B743-1DDF09428C0A}.Debug|Any CPU.Build.0 = Debug|Any CPU
		{C30F1ACF-D746-4D48-B743-1DDF09428C0A}.Release|Any CPU.ActiveCfg = Release|Any CPU
		{C30F1ACF-D746-4D48-B743-1DDF09428C0A}.Release|Any CPU.Build.0 = Release|Any CPU
		{DAD05260-4889-4A5B-A745-D80493933F55}.Debug|Any CPU.ActiveCfg = Debug|Any CPU
		{DAD05260-4889-4A5B-A745-D80493933F55}.Debug|Any CPU.Build.0 = Debug|Any CPU
		{DAD05260-4889-4A5B-A745-D80493933F55}.Release|Any CPU.ActiveCfg = Release|Any CPU
		{DAD05260-4889-4A5B-A745-D80493933F55}.Release|Any CPU.Build.0 = Release|Any CPU
		{A5412DEF-10C0-4240-AE61-5AE8CDE393AB}.Debug|Any CPU.ActiveCfg = Debug|Any CPU
		{A5412DEF-10C0-4240-AE61-5AE8CDE393AB}.Debug|Any CPU.Build.0 = Debug|Any CPU
		{A5412DEF-10C0-4240-AE61-5AE8CDE393AB}.Release|Any CPU.ActiveCfg = Release|Any CPU
		{A5412DEF-10C0-4240-AE61-5AE8CDE393AB}.Release|Any CPU.Build.0 = Release|Any CPU
		{97C7B9E9-5E1A-4027-A0BF-4F1199BE9A84}.Debug|Any CPU.ActiveCfg = Debug|Any CPU
		{97C7B9E9-5E1A-4027-A0BF-4F1199BE9A84}.Debug|Any CPU.Build.0 = Debug|Any CPU
		{97C7B9E9-5E1A-4027-A0BF-4F1199BE9A84}.Release|Any CPU.ActiveCfg = Release|Any CPU
		{97C7B9E9-5E1A-4027-A0BF-4F1199BE9A84}.Release|Any CPU.Build.0 = Release|Any CPU
		{281DC0FD-6D1F-48F0-B4F5-0E155F6AB4D7}.Debug|Any CPU.ActiveCfg = Debug|Any CPU
		{281DC0FD-6D1F-48F0-B4F5-0E155F6AB4D7}.Debug|Any CPU.Build.0 = Debug|Any CPU
		{281DC0FD-6D1F-48F0-B4F5-0E155F6AB4D7}.Release|Any CPU.ActiveCfg = Release|Any CPU
		{281DC0FD-6D1F-48F0-B4F5-0E155F6AB4D7}.Release|Any CPU.Build.0 = Release|Any CPU
		{7B3C341E-EB81-46D4-A0B9-C3CF896EFD99}.Debug|Any CPU.ActiveCfg = Debug|Any CPU
		{7B3C341E-EB81-46D4-A0B9-C3CF896EFD99}.Debug|Any CPU.Build.0 = Debug|Any CPU
		{7B3C341E-EB81-46D4-A0B9-C3CF896EFD99}.Release|Any CPU.ActiveCfg = Release|Any CPU
		{7B3C341E-EB81-46D4-A0B9-C3CF896EFD99}.Release|Any CPU.Build.0 = Release|Any CPU
		{CD701E6B-7EA6-4540-8364-27E3786C5E50}.Debug|Any CPU.ActiveCfg = Debug|Any CPU
		{CD701E6B-7EA6-4540-8364-27E3786C5E50}.Debug|Any CPU.Build.0 = Debug|Any CPU
		{CD701E6B-7EA6-4540-8364-27E3786C5E50}.Release|Any CPU.ActiveCfg = Release|Any CPU
		{CD701E6B-7EA6-4540-8364-27E3786C5E50}.Release|Any CPU.Build.0 = Release|Any CPU
		{5065D0B8-E134-4E1D-9FE4-3EF11DDFF4D4}.Debug|Any CPU.ActiveCfg = Debug|Any CPU
		{5065D0B8-E134-4E1D-9FE4-3EF11DDFF4D4}.Debug|Any CPU.Build.0 = Debug|Any CPU
		{5065D0B8-E134-4E1D-9FE4-3EF11DDFF4D4}.Release|Any CPU.ActiveCfg = Release|Any CPU
		{5065D0B8-E134-4E1D-9FE4-3EF11DDFF4D4}.Release|Any CPU.Build.0 = Release|Any CPU
		{7CA9B2D0-2EA8-4F9B-A729-153B7AAE8356}.Debug|Any CPU.ActiveCfg = Debug|Any CPU
		{7CA9B2D0-2EA8-4F9B-A729-153B7AAE8356}.Debug|Any CPU.Build.0 = Debug|Any CPU
		{7CA9B2D0-2EA8-4F9B-A729-153B7AAE8356}.Release|Any CPU.ActiveCfg = Release|Any CPU
		{7CA9B2D0-2EA8-4F9B-A729-153B7AAE8356}.Release|Any CPU.Build.0 = Release|Any CPU
		{25DA1DF1-E615-41E6-8054-0B5170846546}.Debug|Any CPU.ActiveCfg = Debug|Any CPU
		{25DA1DF1-E615-41E6-8054-0B5170846546}.Debug|Any CPU.Build.0 = Debug|Any CPU
		{25DA1DF1-E615-41E6-8054-0B5170846546}.Release|Any CPU.ActiveCfg = Release|Any CPU
		{25DA1DF1-E615-41E6-8054-0B5170846546}.Release|Any CPU.Build.0 = Release|Any CPU
		{CA6EAFDC-0516-4580-857D-B99A6D1A0EB2}.Debug|Any CPU.ActiveCfg = Debug|Any CPU
		{CA6EAFDC-0516-4580-857D-B99A6D1A0EB2}.Debug|Any CPU.Build.0 = Debug|Any CPU
		{CA6EAFDC-0516-4580-857D-B99A6D1A0EB2}.Release|Any CPU.ActiveCfg = Release|Any CPU
		{CA6EAFDC-0516-4580-857D-B99A6D1A0EB2}.Release|Any CPU.Build.0 = Release|Any CPU
		{F10A3579-E4FE-4933-AB56-08569E1D21C6}.Debug|Any CPU.ActiveCfg = Debug|Any CPU
		{F10A3579-E4FE-4933-AB56-08569E1D21C6}.Debug|Any CPU.Build.0 = Debug|Any CPU
		{F10A3579-E4FE-4933-AB56-08569E1D21C6}.Release|Any CPU.ActiveCfg = Release|Any CPU
		{F10A3579-E4FE-4933-AB56-08569E1D21C6}.Release|Any CPU.Build.0 = Release|Any CPU
		{934F30ED-1563-49D1-BFEB-83FD76FAD6B4}.Debug|Any CPU.ActiveCfg = Debug|Any CPU
		{934F30ED-1563-49D1-BFEB-83FD76FAD6B4}.Debug|Any CPU.Build.0 = Debug|Any CPU
		{934F30ED-1563-49D1-BFEB-83FD76FAD6B4}.Release|Any CPU.ActiveCfg = Release|Any CPU
		{934F30ED-1563-49D1-BFEB-83FD76FAD6B4}.Release|Any CPU.Build.0 = Release|Any CPU
		{713A07A8-9C7E-4000-8D4C-9CB5B3F6725B}.Debug|Any CPU.ActiveCfg = Debug|Any CPU
		{713A07A8-9C7E-4000-8D4C-9CB5B3F6725B}.Debug|Any CPU.Build.0 = Debug|Any CPU
		{713A07A8-9C7E-4000-8D4C-9CB5B3F6725B}.Release|Any CPU.ActiveCfg = Release|Any CPU
		{713A07A8-9C7E-4000-8D4C-9CB5B3F6725B}.Release|Any CPU.Build.0 = Release|Any CPU
	EndGlobalSection
	GlobalSection(SolutionProperties) = preSolution
		HideSolutionNode = FALSE
	EndGlobalSection
	GlobalSection(NestedProjects) = preSolution
		{D57B4D9F-C756-4E84-951D-2D56EDE879A7} = {1CD019B1-6628-4F9D-BE13-AA15FA2AD934}
		{0CA433EB-B30D-4A93-8401-EC2C8A5BE104} = {1CD019B1-6628-4F9D-BE13-AA15FA2AD934}
		{04799DD3-720C-4707-947F-C35FEB76F557} = {D4D349EF-58D4-4E04-88A2-35FFA5D2EABC}
		{B115C56C-759C-4FE8-B30A-B5550F650228} = {19D29F78-F7F0-4D00-8791-9EDF91AE03A6}
		{FA8A60FB-8C81-4682-8051-5777C41C9AF6} = {19D29F78-F7F0-4D00-8791-9EDF91AE03A6}
		{1C42CD6A-A00C-47DC-A9CE-D95B5EEE825F} = {19D29F78-F7F0-4D00-8791-9EDF91AE03A6}
		{F452E0A6-FCB3-4519-9F1B-F4E60F7081EB} = {19D29F78-F7F0-4D00-8791-9EDF91AE03A6}
		{DB50A5A4-5A5A-4C95-B3EC-38EBB17DA862} = {19D29F78-F7F0-4D00-8791-9EDF91AE03A6}
		{5FEBDBA7-105B-468D-9728-FEDB5CF837C2} = {19D29F78-F7F0-4D00-8791-9EDF91AE03A6}
		{7A8BB7AC-5964-47F2-9742-1B87911F86FA} = {19D29F78-F7F0-4D00-8791-9EDF91AE03A6}
		{FC6AA3BC-1E2F-43B0-BFED-9A19C73EB4D5} = {19D29F78-F7F0-4D00-8791-9EDF91AE03A6}
		{D577E4CF-C680-4621-AE2A-8FE8C4855644} = {5E3AC01F-93EA-4702-BF22-554CCD586169}
		{9625D979-261C-4547-85F4-114179A82E4B} = {5E3AC01F-93EA-4702-BF22-554CCD586169}
		{4E161358-FDB6-496C-80DA-FA3FFE0BB74A} = {5E3AC01F-93EA-4702-BF22-554CCD586169}
		{220BBFE6-D2FD-4B78-AA42-33D812A02EE5} = {5E3AC01F-93EA-4702-BF22-554CCD586169}
		{8C7A63BE-FB17-4D6B-A8BB-85F1E79A43E2} = {5E3AC01F-93EA-4702-BF22-554CCD586169}
		{B900E1CC-47BA-490D-8718-238D3B7019AC} = {5E3AC01F-93EA-4702-BF22-554CCD586169}
		{9826BC4B-0347-4D0B-BF3D-DB78E53F7087} = {5E3AC01F-93EA-4702-BF22-554CCD586169}
		{D05A61DA-156C-492F-BEE7-C99F30502ACB} = {5E3AC01F-93EA-4702-BF22-554CCD586169}
		{DC83106D-6927-4A22-94DF-B5DAA5C7DD3E} = {5E3AC01F-93EA-4702-BF22-554CCD586169}
		{98F46281-7775-4DEE-B373-D7CF3F7F3061} = {5E3AC01F-93EA-4702-BF22-554CCD586169}
		{A70A7322-2B59-4823-8E5E-F9DA62F52DB1} = {5E3AC01F-93EA-4702-BF22-554CCD586169}
		{043D0600-B0D7-491D-A03F-B75EA94DED64} = {5E3AC01F-93EA-4702-BF22-554CCD586169}
		{FD07478A-ECE5-49D6-9E4A-F581BB202D11} = {5E3AC01F-93EA-4702-BF22-554CCD586169}
		{EBDB6E60-3540-4CFA-A02A-289257099AC0} = {5E3AC01F-93EA-4702-BF22-554CCD586169}
		{46E0FAAD-C35D-4B5C-ACC5-0C7885EFA21E} = {5E3AC01F-93EA-4702-BF22-554CCD586169}
		{3B609389-0CFF-45AB-950D-B88A51CA0AB6} = {5E3AC01F-93EA-4702-BF22-554CCD586169}
		{D5998DED-A809-416F-A2BF-7619EA4A1BD5} = {5E3AC01F-93EA-4702-BF22-554CCD586169}
		{15DE5942-0BD2-409D-9057-BEC7D5CBECF5} = {5E3AC01F-93EA-4702-BF22-554CCD586169}
		{C30F1ACF-D746-4D48-B743-1DDF09428C0A} = {5E3AC01F-93EA-4702-BF22-554CCD586169}
		{DAD05260-4889-4A5B-A745-D80493933F55} = {5E3AC01F-93EA-4702-BF22-554CCD586169}
		{A5412DEF-10C0-4240-AE61-5AE8CDE393AB} = {5E3AC01F-93EA-4702-BF22-554CCD586169}
		{97C7B9E9-5E1A-4027-A0BF-4F1199BE9A84} = {3BB56407-8705-4E81-884F-ECECBB97F2CD}
		{281DC0FD-6D1F-48F0-B4F5-0E155F6AB4D7} = {3BB56407-8705-4E81-884F-ECECBB97F2CD}
		{7B3C341E-EB81-46D4-A0B9-C3CF896EFD99} = {3BB56407-8705-4E81-884F-ECECBB97F2CD}
		{CD701E6B-7EA6-4540-8364-27E3786C5E50} = {3BB56407-8705-4E81-884F-ECECBB97F2CD}
		{5065D0B8-E134-4E1D-9FE4-3EF11DDFF4D4} = {3BB56407-8705-4E81-884F-ECECBB97F2CD}
		{7CA9B2D0-2EA8-4F9B-A729-153B7AAE8356} = {3BB56407-8705-4E81-884F-ECECBB97F2CD}
		{25DA1DF1-E615-41E6-8054-0B5170846546} = {3BB56407-8705-4E81-884F-ECECBB97F2CD}
		{CA6EAFDC-0516-4580-857D-B99A6D1A0EB2} = {3BB56407-8705-4E81-884F-ECECBB97F2CD}
		{F10A3579-E4FE-4933-AB56-08569E1D21C6} = {3BB56407-8705-4E81-884F-ECECBB97F2CD}
		{934F30ED-1563-49D1-BFEB-83FD76FAD6B4} = {3BB56407-8705-4E81-884F-ECECBB97F2CD}
		{713A07A8-9C7E-4000-8D4C-9CB5B3F6725B} = {3BB56407-8705-4E81-884F-ECECBB97F2CD}
	EndGlobalSection
	GlobalSection(ExtensibilityGlobals) = postSolution
		SolutionGuid = {75EC4551-BDDA-44DC-B093-1C3F4BA400C8}
	EndGlobalSection
EndGlobal
